// !$*UTF8*$!
{
	archiveVersion = 1;
	classes = {
	};
	objectVersion = 50;
	objects = {

/* Begin PBXBuildFile section */
		7E96C3BF2278162400B8BE7A /* testLayout.swift in Sources */ = {isa = PBXBuildFile; fileRef = 7E96C3BE2278162400B8BE7A /* testLayout.swift */; };
		7E96C3C122782DEC00B8BE7A /* firstViewController.swift in Sources */ = {isa = PBXBuildFile; fileRef = 7E96C3C022782DEC00B8BE7A /* firstViewController.swift */; };
		7E96C3C322782DFB00B8BE7A /* secondViewController.swift in Sources */ = {isa = PBXBuildFile; fileRef = 7E96C3C222782DFB00B8BE7A /* secondViewController.swift */; };
		7E96C3C522782E0800B8BE7A /* thirtyViewController.swift in Sources */ = {isa = PBXBuildFile; fileRef = 7E96C3C422782E0800B8BE7A /* thirtyViewController.swift */; };
		7E96C3C7227843AE00B8BE7A /* ControllerExtention.swift in Sources */ = {isa = PBXBuildFile; fileRef = 7E96C3C6227843AE00B8BE7A /* ControllerExtention.swift */; };
		7EF2384C2276C32200895755 /* AppDelegate.swift in Sources */ = {isa = PBXBuildFile; fileRef = 7EF2384B2276C32200895755 /* AppDelegate.swift */; };
		7EF2384E2276C32200895755 /* ViewController.swift in Sources */ = {isa = PBXBuildFile; fileRef = 7EF2384D2276C32200895755 /* ViewController.swift */; };
		7EF238512276C32200895755 /* Main.storyboard in Resources */ = {isa = PBXBuildFile; fileRef = 7EF2384F2276C32200895755 /* Main.storyboard */; };
		7EF238532276C32400895755 /* Assets.xcassets in Resources */ = {isa = PBXBuildFile; fileRef = 7EF238522276C32400895755 /* Assets.xcassets */; };
		7EF238562276C32400895755 /* LaunchScreen.storyboard in Resources */ = {isa = PBXBuildFile; fileRef = 7EF238542276C32400895755 /* LaunchScreen.storyboard */; };
		7EF238642277EED400895755 /* testTbView.swift in Sources */ = {isa = PBXBuildFile; fileRef = 7EF238632277EED400895755 /* testTbView.swift */; };
		7EF238662277EF7500895755 /* testTbViewCell.swift in Sources */ = {isa = PBXBuildFile; fileRef = 7EF238652277EF7500895755 /* testTbViewCell.swift */; };
		7EF238682277F9D500895755 /* testPageTitleView.swift in Sources */ = {isa = PBXBuildFile; fileRef = 7EF238672277F9D500895755 /* testPageTitleView.swift */; };
/* End PBXBuildFile section */

/* Begin PBXFileReference section */
		7E96C3BE2278162400B8BE7A /* testLayout.swift */ = {isa = PBXFileReference; lastKnownFileType = sourcecode.swift; path = testLayout.swift; sourceTree = "<group>"; };
		7E96C3C022782DEC00B8BE7A /* firstViewController.swift */ = {isa = PBXFileReference; lastKnownFileType = sourcecode.swift; path = firstViewController.swift; sourceTree = "<group>"; };
		7E96C3C222782DFB00B8BE7A /* secondViewController.swift */ = {isa = PBXFileReference; lastKnownFileType = sourcecode.swift; path = secondViewController.swift; sourceTree = "<group>"; };
		7E96C3C422782E0800B8BE7A /* thirtyViewController.swift */ = {isa = PBXFileReference; lastKnownFileType = sourcecode.swift; path = thirtyViewController.swift; sourceTree = "<group>"; };
		7E96C3C6227843AE00B8BE7A /* ControllerExtention.swift */ = {isa = PBXFileReference; lastKnownFileType = sourcecode.swift; path = ControllerExtention.swift; sourceTree = "<group>"; };
		7EF238482276C32200895755 /* Test.app */ = {isa = PBXFileReference; explicitFileType = wrapper.application; includeInIndex = 0; path = Test.app; sourceTree = BUILT_PRODUCTS_DIR; };
		7EF2384B2276C32200895755 /* AppDelegate.swift */ = {isa = PBXFileReference; lastKnownFileType = sourcecode.swift; path = AppDelegate.swift; sourceTree = "<group>"; };
		7EF2384D2276C32200895755 /* ViewController.swift */ = {isa = PBXFileReference; lastKnownFileType = sourcecode.swift; path = ViewController.swift; sourceTree = "<group>"; };
		7EF238502276C32200895755 /* Base */ = {isa = PBXFileReference; lastKnownFileType = file.storyboard; name = Base; path = Base.lproj/Main.storyboard; sourceTree = "<group>"; };
		7EF238522276C32400895755 /* Assets.xcassets */ = {isa = PBXFileReference; lastKnownFileType = folder.assetcatalog; path = Assets.xcassets; sourceTree = "<group>"; };
		7EF238552276C32400895755 /* Base */ = {isa = PBXFileReference; lastKnownFileType = file.storyboard; name = Base; path = Base.lproj/LaunchScreen.storyboard; sourceTree = "<group>"; };
		7EF238572276C32400895755 /* Info.plist */ = {isa = PBXFileReference; lastKnownFileType = text.plist.xml; path = Info.plist; sourceTree = "<group>"; };
		7EF238632277EED400895755 /* testTbView.swift */ = {isa = PBXFileReference; lastKnownFileType = sourcecode.swift; path = testTbView.swift; sourceTree = "<group>"; };
		7EF238652277EF7500895755 /* testTbViewCell.swift */ = {isa = PBXFileReference; lastKnownFileType = sourcecode.swift; path = testTbViewCell.swift; sourceTree = "<group>"; };
		7EF238672277F9D500895755 /* testPageTitleView.swift */ = {isa = PBXFileReference; lastKnownFileType = sourcecode.swift; path = testPageTitleView.swift; sourceTree = "<group>"; };
/* End PBXFileReference section */

/* Begin PBXFrameworksBuildPhase section */
		7EF238452276C32200895755 /* Frameworks */ = {
			isa = PBXFrameworksBuildPhase;
			buildActionMask = 2147483647;
			files = (
			);
			runOnlyForDeploymentPostprocessing = 0;
		};
/* End PBXFrameworksBuildPhase section */

/* Begin PBXGroup section */
		7EF2383F2276C32200895755 = {
			isa = PBXGroup;
			children = (
				7EF2384A2276C32200895755 /* Test */,
				7EF238492276C32200895755 /* Products */,
			);
			sourceTree = "<group>";
		};
		7EF238492276C32200895755 /* Products */ = {
			isa = PBXGroup;
			children = (
				7EF238482276C32200895755 /* Test.app */,
			);
			name = Products;
			sourceTree = "<group>";
		};
		7EF2384A2276C32200895755 /* Test */ = {
			isa = PBXGroup;
			children = (
				7EF2384B2276C32200895755 /* AppDelegate.swift */,
				7EF2384D2276C32200895755 /* ViewController.swift */,
				7EF238632277EED400895755 /* testTbView.swift */,
				7EF238652277EF7500895755 /* testTbViewCell.swift */,
				7EF238672277F9D500895755 /* testPageTitleView.swift */,
				7E96C3BE2278162400B8BE7A /* testLayout.swift */,
				7E96C3C022782DEC00B8BE7A /* firstViewController.swift */,
				7E96C3C222782DFB00B8BE7A /* secondViewController.swift */,
				7E96C3C422782E0800B8BE7A /* thirtyViewController.swift */,
				7E96C3C6227843AE00B8BE7A /* ControllerExtention.swift */,
				7EF2384F2276C32200895755 /* Main.storyboard */,
				7EF238522276C32400895755 /* Assets.xcassets */,
				7EF238542276C32400895755 /* LaunchScreen.storyboard */,
				7EF238572276C32400895755 /* Info.plist */,
			);
			path = Test;
			sourceTree = "<group>";
		};
/* End PBXGroup section */

/* Begin PBXNativeTarget section */
		7EF238472276C32200895755 /* Test */ = {
			isa = PBXNativeTarget;
			buildConfigurationList = 7EF2385A2276C32500895755 /* Build configuration list for PBXNativeTarget "Test" */;
			buildPhases = (
				7EF238442276C32200895755 /* Sources */,
				7EF238452276C32200895755 /* Frameworks */,
				7EF238462276C32200895755 /* Resources */,
			);
			buildRules = (
			);
			dependencies = (
			);
			name = Test;
			productName = Test;
			productReference = 7EF238482276C32200895755 /* Test.app */;
			productType = "com.apple.product-type.application";
		};
/* End PBXNativeTarget section */

/* Begin PBXProject section */
		7EF238402276C32200895755 /* Project object */ = {
			isa = PBXProject;
			attributes = {
				LastSwiftUpdateCheck = 1010;
				LastUpgradeCheck = 1010;
				ORGANIZATIONNAME = huangjian;
				TargetAttributes = {
					7EF238472276C32200895755 = {
						CreatedOnToolsVersion = 10.1;
					};
				};
			};
			buildConfigurationList = 7EF238432276C32200895755 /* Build configuration list for PBXProject "Test" */;
			compatibilityVersion = "Xcode 9.3";
			developmentRegion = en;
			hasScannedForEncodings = 0;
			knownRegions = (
				en,
				Base,
			);
			mainGroup = 7EF2383F2276C32200895755;
			productRefGroup = 7EF238492276C32200895755 /* Products */;
			projectDirPath = "";
			projectRoot = "";
			targets = (
				7EF238472276C32200895755 /* Test */,
			);
		};
/* End PBXProject section */

/* Begin PBXResourcesBuildPhase section */
		7EF238462276C32200895755 /* Resources */ = {
			isa = PBXResourcesBuildPhase;
			buildActionMask = 2147483647;
			files = (
				7EF238562276C32400895755 /* LaunchScreen.storyboard in Resources */,
				7EF238532276C32400895755 /* Assets.xcassets in Resources */,
				7EF238512276C32200895755 /* Main.storyboard in Resources */,
			);
			runOnlyForDeploymentPostprocessing = 0;
		};
/* End PBXResourcesBuildPhase section */

/* Begin PBXSourcesBuildPhase section */
		7EF238442276C32200895755 /* Sources */ = {
			isa = PBXSourcesBuildPhase;
			buildActionMask = 2147483647;
			files = (
				7E96C3C522782E0800B8BE7A /* thirtyViewController.swift in Sources */,
				7E96C3C322782DFB00B8BE7A /* secondViewController.swift in Sources */,
				7EF238642277EED400895755 /* testTbView.swift in Sources */,
				7EF2384E2276C32200895755 /* ViewController.swift in Sources */,
				7EF2384C2276C32200895755 /* AppDelegate.swift in Sources */,
				7E96C3BF2278162400B8BE7A /* testLayout.swift in Sources */,
				7E96C3C7227843AE00B8BE7A /* ControllerExtention.swift in Sources */,
				7EF238662277EF7500895755 /* testTbViewCell.swift in Sources */,
				7EF238682277F9D500895755 /* testPageTitleView.swift in Sources */,
				7E96C3C122782DEC00B8BE7A /* firstViewController.swift in Sources */,
			);
			runOnlyForDeploymentPostprocessing = 0;
		};
/* End PBXSourcesBuildPhase section */

/* Begin PBXVariantGroup section */
		7EF2384F2276C32200895755 /* Main.storyboard */ = {
			isa = PBXVariantGroup;
			children = (
				7EF238502276C32200895755 /* Base */,
			);
			name = Main.storyboard;
			sourceTree = "<group>";
		};
		7EF238542276C32400895755 /* LaunchScreen.storyboard */ = {
			isa = PBXVariantGroup;
			children = (
				7EF238552276C32400895755 /* Base */,
			);
			name = LaunchScreen.storyboard;
			sourceTree = "<group>";
		};
/* End PBXVariantGroup section */

/* Begin XCBuildConfiguration section */
		7EF238582276C32500895755 /* Debug */ = {
			isa = XCBuildConfiguration;
			buildSettings = {
				ALWAYS_SEARCH_USER_PATHS = NO;
				CLANG_ANALYZER_NONNULL = YES;
				CLANG_ANALYZER_NUMBER_OBJECT_CONVERSION = YES_AGGRESSIVE;
				CLANG_CXX_LANGUAGE_STANDARD = "gnu++14";
				CLANG_CXX_LIBRARY = "libc++";
				CLANG_ENABLE_MODULES = YES;
				CLANG_ENABLE_OBJC_ARC = YES;
				CLANG_ENABLE_OBJC_WEAK = YES;
				CLANG_WARN_BLOCK_CAPTURE_AUTORELEASING = YES;
				CLANG_WARN_BOOL_CONVERSION = YES;
				CLANG_WARN_COMMA = YES;
				CLANG_WARN_CONSTANT_CONVERSION = YES;
				CLANG_WARN_DEPRECATED_OBJC_IMPLEMENTATIONS = YES;
				CLANG_WARN_DIRECT_OBJC_ISA_USAGE = YES_ERROR;
				CLANG_WARN_DOCUMENTATION_COMMENTS = YES;
				CLANG_WARN_EMPTY_BODY = YES;
				CLANG_WARN_ENUM_CONVERSION = YES;
				CLANG_WARN_INFINITE_RECURSION = YES;
				CLANG_WARN_INT_CONVERSION = YES;
				CLANG_WARN_NON_LITERAL_NULL_CONVERSION = YES;
				CLANG_WARN_OBJC_IMPLICIT_RETAIN_SELF = YES;
				CLANG_WARN_OBJC_LITERAL_CONVERSION = YES;
				CLANG_WARN_OBJC_ROOT_CLASS = YES_ERROR;
				CLANG_WARN_RANGE_LOOP_ANALYSIS = YES;
				CLANG_WARN_STRICT_PROTOTYPES = YES;
				CLANG_WARN_SUSPICIOUS_MOVE = YES;
				CLANG_WARN_UNGUARDED_AVAILABILITY = YES_AGGRESSIVE;
				CLANG_WARN_UNREACHABLE_CODE = YES;
				CLANG_WARN__DUPLICATE_METHOD_MATCH = YES;
				CODE_SIGN_IDENTITY = "iPhone Developer";
				COPY_PHASE_STRIP = NO;
				DEBUG_INFORMATION_FORMAT = dwarf;
				ENABLE_STRICT_OBJC_MSGSEND = YES;
				ENABLE_TESTABILITY = YES;
				GCC_C_LANGUAGE_STANDARD = gnu11;
				GCC_DYNAMIC_NO_PIC = NO;
				GCC_NO_COMMON_BLOCKS = YES;
				GCC_OPTIMIZATION_LEVEL = 0;
				GCC_PREPROCESSOR_DEFINITIONS = (
					"DEBUG=1",
					"$(inherited)",
				);
				GCC_WARN_64_TO_32_BIT_CONVERSION = YES;
				GCC_WARN_ABOUT_RETURN_TYPE = YES_ERROR;
				GCC_WARN_UNDECLARED_SELECTOR = YES;
				GCC_WARN_UNINITIALIZED_AUTOS = YES_AGGRESSIVE;
				GCC_WARN_UNUSED_FUNCTION = YES;
				GCC_WARN_UNUSED_VARIABLE = YES;
				IPHONEOS_DEPLOYMENT_TARGET = 12.1;
				MTL_ENABLE_DEBUG_INFO = INCLUDE_SOURCE;
				MTL_FAST_MATH = YES;
				ONLY_ACTIVE_ARCH = YES;
				SDKROOT = iphoneos;
				SWIFT_ACTIVE_COMPILATION_CONDITIONS = DEBUG;
				SWIFT_OPTIMIZATION_LEVEL = "-Onone";
			};
			name = Debug;
		};
		7EF238592276C32500895755 /* Release */ = {
			isa = XCBuildConfiguration;
			buildSettings = {
				ALWAYS_SEARCH_USER_PATHS = NO;
				CLANG_ANALYZER_NONNULL = YES;
				CLANG_ANALYZER_NUMBER_OBJECT_CONVERSION = YES_AGGRESSIVE;
				CLANG_CXX_LANGUAGE_STANDARD = "gnu++14";
				CLANG_CXX_LIBRARY = "libc++";
				CLANG_ENABLE_MODULES = YES;
				CLANG_ENABLE_OBJC_ARC = YES;
				CLANG_ENABLE_OBJC_WEAK = YES;
				CLANG_WARN_BLOCK_CAPTURE_AUTORELEASING = YES;
				CLANG_WARN_BOOL_CONVERSION = YES;
				CLANG_WARN_COMMA = YES;
				CLANG_WARN_CONSTANT_CONVERSION = YES;
				CLANG_WARN_DEPRECATED_OBJC_IMPLEMENTATIONS = YES;
				CLANG_WARN_DIRECT_OBJC_ISA_USAGE = YES_ERROR;
				CLANG_WARN_DOCUMENTATION_COMMENTS = YES;
				CLANG_WARN_EMPTY_BODY = YES;
				CLANG_WARN_ENUM_CONVERSION = YES;
				CLANG_WARN_INFINITE_RECURSION = YES;
				CLANG_WARN_INT_CONVERSION = YES;
				CLANG_WARN_NON_LITERAL_NULL_CONVERSION = YES;
				CLANG_WARN_OBJC_IMPLICIT_RETAIN_SELF = YES;
				CLANG_WARN_OBJC_LITERAL_CONVERSION = YES;
				CLANG_WARN_OBJC_ROOT_CLASS = YES_ERROR;
				CLANG_WARN_RANGE_LOOP_ANALYSIS = YES;
				CLANG_WARN_STRICT_PROTOTYPES = YES;
				CLANG_WARN_SUSPICIOUS_MOVE = YES;
				CLANG_WARN_UNGUARDED_AVAILABILITY = YES_AGGRESSIVE;
				CLANG_WARN_UNREACHABLE_CODE = YES;
				CLANG_WARN__DUPLICATE_METHOD_MATCH = YES;
				CODE_SIGN_IDENTITY = "iPhone Developer";
				COPY_PHASE_STRIP = NO;
				DEBUG_INFORMATION_FORMAT = "dwarf-with-dsym";
				ENABLE_NS_ASSERTIONS = NO;
				ENABLE_STRICT_OBJC_MSGSEND = YES;
				GCC_C_LANGUAGE_STANDARD = gnu11;
				GCC_NO_COMMON_BLOCKS = YES;
				GCC_WARN_64_TO_32_BIT_CONVERSION = YES;
				GCC_WARN_ABOUT_RETURN_TYPE = YES_ERROR;
				GCC_WARN_UNDECLARED_SELECTOR = YES;
				GCC_WARN_UNINITIALIZED_AUTOS = YES_AGGRESSIVE;
				GCC_WARN_UNUSED_FUNCTION = YES;
				GCC_WARN_UNUSED_VARIABLE = YES;
				IPHONEOS_DEPLOYMENT_TARGET = 12.1;
				MTL_ENABLE_DEBUG_INFO = NO;
				MTL_FAST_MATH = YES;
				SDKROOT = iphoneos;
				SWIFT_COMPILATION_MODE = wholemodule;
				SWIFT_OPTIMIZATION_LEVEL = "-O";
				VALIDATE_PRODUCT = YES;
			};
			name = Release;
		};
		7EF2385B2276C32500895755 /* Debug */ = {
			isa = XCBuildConfiguration;
			buildSettings = {
				ASSETCATALOG_COMPILER_APPICON_NAME = AppIcon;
				CODE_SIGN_STYLE = Automatic;
				INFOPLIST_FILE = Test/Info.plist;
				LD_RUNPATH_SEARCH_PATHS = (
					"$(inherited)",
					"@executable_path/Frameworks",
				);
				PRODUCT_BUNDLE_IDENTIFIER = super.Test;
				PRODUCT_NAME = "$(TARGET_NAME)";
				SWIFT_VERSION = 4.2;
				TARGETED_DEVICE_FAMILY = "1,2";
			};
			name = Debug;
		};
		7EF2385C2276C32500895755 /* Release */ = {
			isa = XCBuildConfiguration;
			buildSettings = {
				ASSETCATALOG_COMPILER_APPICON_NAME = AppIcon;
				CODE_SIGN_STYLE = Automatic;
				INFOPLIST_FILE = Test/Info.plist;
				LD_RUNPATH_SEARCH_PATHS = (
					"$(inherited)",
					"@executable_path/Frameworks",
				);
				PRODUCT_BUNDLE_IDENTIFIER = super.Test;
				PRODUCT_NAME = "$(TARGET_NAME)";
				SWIFT_VERSION = 4.2;
				TARGETED_DEVICE_FAMILY = "1,2";
			};
			name = Release;
		};
/* End XCBuildConfiguration section */

/* Begin XCConfigurationList section */
		7EF238432276C32200895755 /* Build configuration list for PBXProject "Test" */ = {
			isa = XCConfigurationList;
			buildConfigurations = (
				7EF238582276C32500895755 /* Debug */,
				7EF238592276C32500895755 /* Release */,
			);
			defaultConfigurationIsVisible = 0;
			defaultConfigurationName = Release;
		};
		7EF2385A2276C32500895755 /* Build configuration list for PBXNativeTarget "Test" */ = {
			isa = XCConfigurationList;
			buildConfigurations = (
				7EF2385B2276C32500895755 /* Debug */,
				7EF2385C2276C32500895755 /* Release */,
			);
			defaultConfigurationIsVisible = 0;
			defaultConfigurationName = Release;
		};
/* End XCConfigurationList section */
	};
	rootObject = 7EF238402276C32200895755 /* Project object */;
}
